
Microsoft Visual Studio Solution File, Format Version 12.00
# Visual Studio 15
VisualStudioVersion = 15.0.28307.489
MinimumVisualStudioVersion = 10.0.40219.1
Project("{FAE04EC0-301F-11D3-BF4B-00C04F79EFBC}") = "ExchangeCurrency", "ExchangeCurrency\ExchangeCurrency.csproj", "{2EC1F7A0-9167-48B4-AEFE-6E9E67CD83E2}"
EndProject
Global
	GlobalSection(SolutionConfigurationPlatforms) = preSolution
		Debug|Any CPU = Debug|Any CPU
		Release|Any CPU = Release|Any CPU
	EndGlobalSection
	GlobalSection(ProjectConfigurationPlatforms) = postSolution
		{2EC1F7A0-9167-48B4-AEFE-6E9E67CD83E2}.Debug|Any CPU.ActiveCfg = Debug|Any CPU
		{2EC1F7A0-9167-48B4-AEFE-6E9E67CD83E2}.Debug|Any CPU.Build.0 = Debug|Any CPU
		{2EC1F7A0-9167-48B4-AEFE-6E9E67CD83E2}.Release|Any CPU.ActiveCfg = Release|Any CPU
		{2EC1F7A0-9167-48B4-AEFE-6E9E67CD83E2}.Release|Any CPU.Build.0 = Release|Any CPU
	EndGlobalSection
	GlobalSection(SolutionProperties) = preSolution
		HideSolutionNode = FALSE
	EndGlobalSection
	GlobalSection(ExtensibilityGlobals) = postSolution
		SolutionGuid = {FC2421B5-EC54-4D61-83FF-5395AC6EFAAB}
	EndGlobalSection
EndGlobal
